
Microsoft Visual Studio Solution File, Format Version 12.00
# Visual Studio 2012
Project("{FAE04EC0-301F-11D3-BF4B-00C04F79EFBC}") = "day04project", "day04project.csproj", "{99A9E911-F515-4C68-9D5E-32B576185811}"
EndProject
Global
	GlobalSection(SolutionConfigurationPlatforms) = preSolution
		Debug|Any CPU = Debug|Any CPU
		Release|Any CPU = Release|Any CPU
	EndGlobalSection
	GlobalSection(ProjectConfigurationPlatforms) = postSolution
		{99A9E911-F515-4C68-9D5E-32B576185811}.Debug|Any CPU.ActiveCfg = Debug|Any CPU
		{99A9E911-F515-4C68-9D5E-32B576185811}.Debug|Any CPU.Build.0 = Debug|Any CPU
		{99A9E911-F515-4C68-9D5E-32B576185811}.Release|Any CPU.ActiveCfg = Release|Any CPU
		{99A9E911-F515-4C68-9D5E-32B576185811}.Release|Any CPU.Build.0 = Release|Any CPU
	EndGlobalSection
EndGlobal
